
Microsoft Visual Studio Solution File, Format Version 12.00
# Visual Studio Version 17
VisualStudioVersion = 17.7.34031.279
MinimumVisualStudioVersion = 10.0.40219.1
Project("{FAE04EC0-301F-11D3-BF4B-00C04F79EFBC}") = "Lab2Employee", "Lab2Employee.csproj", "{D848ECC8-E543-455E-A910-96B826E17C09}"
EndProject
Global
	GlobalSection(SolutionConfigurationPlatforms) = preSolution
		Debug|Any CPU = Debug|Any CPU
		Release|Any CPU = Release|Any CPU
	EndGlobalSection
	GlobalSection(ProjectConfigurationPlatforms) = postSolution
		{D848ECC8-E543-455E-A910-96B826E17C09}.Debug|Any CPU.ActiveCfg = Debug|Any CPU
		{D848ECC8-E543-455E-A910-96B826E17C09}.Debug|Any CPU.Build.0 = Debug|Any CPU
		{D848ECC8-E543-455E-A910-96B826E17C09}.Release|Any CPU.ActiveCfg = Release|Any CPU
		{D848ECC8-E543-455E-A910-96B826E17C09}.Release|Any CPU.Build.0 = Release|Any CPU
	EndGlobalSection
	GlobalSection(SolutionProperties) = preSolution
		HideSolutionNode = FALSE
	EndGlobalSection
	GlobalSection(ExtensibilityGlobals) = postSolution
		SolutionGuid = {401D4801-BCDE-4574-8427-68F41E989BBE}
	EndGlobalSection
EndGlobal
